// !$*UTF8*$!
{
	archiveVersion = 1;
	classes = {
	};
	objectVersion = 46;
	objects = {

/* Begin PBXBuildFile section */
		180B46D91BFA5395002F3BE4 /* loginViewController.m in Sources */ = {isa = PBXBuildFile; fileRef = 180B46D81BFA5395002F3BE4 /* loginViewController.m */; };
		180B46DF1BFA8902002F3BE4 /* RegisterViewController.m in Sources */ = {isa = PBXBuildFile; fileRef = 180B46DE1BFA8902002F3BE4 /* RegisterViewController.m */; };
		1883BCF51BE86CDF003D728C /* main.m in Sources */ = {isa = PBXBuildFile; fileRef = 1883BCF41BE86CDF003D728C /* main.m */; };
		1883BCF81BE86CDF003D728C /* AppDelegate.m in Sources */ = {isa = PBXBuildFile; fileRef = 1883BCF71BE86CDF003D728C /* AppDelegate.m */; };
		1883BCFB1BE86CDF003D728C /* ViewController.m in Sources */ = {isa = PBXBuildFile; fileRef = 1883BCFA1BE86CDF003D728C /* ViewController.m */; };
		1883BCFE1BE86CDF003D728C /* Main.storyboard in Resources */ = {isa = PBXBuildFile; fileRef = 1883BCFC1BE86CDF003D728C /* Main.storyboard */; };
		1883BD001BE86CDF003D728C /* Images.xcassets in Resources */ = {isa = PBXBuildFile; fileRef = 1883BCFF1BE86CDF003D728C /* Images.xcassets */; };
		1883BD031BE86CDF003D728C /* LaunchScreen.xib in Resources */ = {isa = PBXBuildFile; fileRef = 1883BD011BE86CDF003D728C /* LaunchScreen.xib */; };
		1883BD0F1BE86CE0003D728C /* NoiseInfoTests.m in Sources */ = {isa = PBXBuildFile; fileRef = 1883BD0E1BE86CE0003D728C /* NoiseInfoTests.m */; };
		1883BD1E1BE87342003D728C /* MBProgressHUD+HM.m in Sources */ = {isa = PBXBuildFile; fileRef = 1883BD1A1BE87342003D728C /* MBProgressHUD+HM.m */; };
		1883BD1F1BE87342003D728C /* MBProgressHUD.bundle in Resources */ = {isa = PBXBuildFile; fileRef = 1883BD1B1BE87342003D728C /* MBProgressHUD.bundle */; };
		1883BD201BE87342003D728C /* MBProgressHUD.m in Sources */ = {isa = PBXBuildFile; fileRef = 1883BD1D1BE87342003D728C /* MBProgressHUD.m */; };
		1883BD231BE87482003D728C /* NoiseInfo.m in Sources */ = {isa = PBXBuildFile; fileRef = 1883BD221BE87482003D728C /* NoiseInfo.m */; };
		1883BD251BE87928003D728C /* MapKit.framework in Frameworks */ = {isa = PBXBuildFile; fileRef = 1883BD241BE87928003D728C /* MapKit.framework */; };
		1883BD281BE9108A003D728C /* MyAnnotation.m in Sources */ = {isa = PBXBuildFile; fileRef = 1883BD271BE9108A003D728C /* MyAnnotation.m */; };
		18ADB8E71BEDB49C0050322C /* MyAnnotationView.m in Sources */ = {isa = PBXBuildFile; fileRef = 18ADB8E61BEDB49C0050322C /* MyAnnotationView.m */; };
		18ADB8E91BEE92A80050322C /* AudioToolbox.framework in Frameworks */ = {isa = PBXBuildFile; fileRef = 18ADB8E81BEE92A80050322C /* AudioToolbox.framework */; };
		18ADB8EB1BEE92B10050322C /* AVFoundation.framework in Frameworks */ = {isa = PBXBuildFile; fileRef = 18ADB8EA1BEE92B10050322C /* AVFoundation.framework */; };
		18ADB8ED1BEE92B60050322C /* AVKit.framework in Frameworks */ = {isa = PBXBuildFile; fileRef = 18ADB8EC1BEE92B60050322C /* AVKit.framework */; };
		18D8A6DF1BEA9B2F000A8E4F /* RecordViewController.m in Sources */ = {isa = PBXBuildFile; fileRef = 18D8A6DE1BEA9B2F000A8E4F /* RecordViewController.m */; };
		18D8A6E21BEC8E47000A8E4F /* testNav.m in Sources */ = {isa = PBXBuildFile; fileRef = 18D8A6E11BEC8E47000A8E4F /* testNav.m */; };
/* End PBXBuildFile section */

/* Begin PBXContainerItemProxy section */
		1883BD091BE86CDF003D728C /* PBXContainerItemProxy */ = {
			isa = PBXContainerItemProxy;
			containerPortal = 1883BCE71BE86CDF003D728C /* Project object */;
			proxyType = 1;
			remoteGlobalIDString = 1883BCEE1BE86CDF003D728C;
			remoteInfo = NoiseInfo;
		};
/* End PBXContainerItemProxy section */

/* Begin PBXFileReference section */
		180B46D71BFA5395002F3BE4 /* loginViewController.h */ = {isa = PBXFileReference; fileEncoding = 4; lastKnownFileType = sourcecode.c.h; name = loginViewController.h; path = ../loginViewController.h; sourceTree = "<group>"; };
		180B46D81BFA5395002F3BE4 /* loginViewController.m */ = {isa = PBXFileReference; fileEncoding = 4; lastKnownFileType = sourcecode.c.objc; name = loginViewController.m; path = ../loginViewController.m; sourceTree = "<group>"; };
		180B46DD1BFA8902002F3BE4 /* RegisterViewController.h */ = {isa = PBXFileReference; fileEncoding = 4; lastKnownFileType = sourcecode.c.h; name = RegisterViewController.h; path = ../RegisterViewController.h; sourceTree = "<group>"; };
		180B46DE1BFA8902002F3BE4 /* RegisterViewController.m */ = {isa = PBXFileReference; fileEncoding = 4; lastKnownFileType = sourcecode.c.objc; name = RegisterViewController.m; path = ../RegisterViewController.m; sourceTree = "<group>"; };
		1883BCEF1BE86CDF003D728C /* NoiseInfo.app */ = {isa = PBXFileReference; explicitFileType = wrapper.application; includeInIndex = 0; path = NoiseInfo.app; sourceTree = BUILT_PRODUCTS_DIR; };
		1883BCF31BE86CDF003D728C /* Info.plist */ = {isa = PBXFileReference; lastKnownFileType = text.plist.xml; path = Info.plist; sourceTree = "<group>"; };
		1883BCF41BE86CDF003D728C /* main.m */ = {isa = PBXFileReference; lastKnownFileType = sourcecode.c.objc; path = main.m; sourceTree = "<group>"; };
		1883BCF61BE86CDF003D728C /* AppDelegate.h */ = {isa = PBXFileReference; lastKnownFileType = sourcecode.c.h; path = AppDelegate.h; sourceTree = "<group>"; };
		1883BCF71BE86CDF003D728C /* AppDelegate.m */ = {isa = PBXFileReference; lastKnownFileType = sourcecode.c.objc; path = AppDelegate.m; sourceTree = "<group>"; };
		1883BCF91BE86CDF003D728C /* ViewController.h */ = {isa = PBXFileReference; lastKnownFileType = sourcecode.c.h; path = ViewController.h; sourceTree = "<group>"; };
		1883BCFA1BE86CDF003D728C /* ViewController.m */ = {isa = PBXFileReference; lastKnownFileType = sourcecode.c.objc; path = ViewController.m; sourceTree = "<group>"; };
		1883BCFD1BE86CDF003D728C /* Base */ = {isa = PBXFileReference; lastKnownFileType = file.storyboard; name = Base; path = Base.lproj/Main.storyboard; sourceTree = "<group>"; };
		1883BCFF1BE86CDF003D728C /* Images.xcassets */ = {isa = PBXFileReference; lastKnownFileType = folder.assetcatalog; path = Images.xcassets; sourceTree = "<group>"; };
		1883BD021BE86CDF003D728C /* Base */ = {isa = PBXFileReference; lastKnownFileType = file.xib; name = Base; path = Base.lproj/LaunchScreen.xib; sourceTree = "<group>"; };
		1883BD081BE86CDF003D728C /* NoiseInfoTests.xctest */ = {isa = PBXFileReference; explicitFileType = wrapper.cfbundle; includeInIndex = 0; path = NoiseInfoTests.xctest; sourceTree = BUILT_PRODUCTS_DIR; };
		1883BD0D1BE86CE0003D728C /* Info.plist */ = {isa = PBXFileReference; lastKnownFileType = text.plist.xml; path = Info.plist; sourceTree = "<group>"; };
		1883BD0E1BE86CE0003D728C /* NoiseInfoTests.m */ = {isa = PBXFileReference; lastKnownFileType = sourcecode.c.objc; path = NoiseInfoTests.m; sourceTree = "<group>"; };
		1883BD191BE87342003D728C /* MBProgressHUD+HM.h */ = {isa = PBXFileReference; fileEncoding = 4; lastKnownFileType = sourcecode.c.h; path = "MBProgressHUD+HM.h"; sourceTree = "<group>"; };
		1883BD1A1BE87342003D728C /* MBProgressHUD+HM.m */ = {isa = PBXFileReference; fileEncoding = 4; lastKnownFileType = sourcecode.c.objc; path = "MBProgressHUD+HM.m"; sourceTree = "<group>"; };
		1883BD1B1BE87342003D728C /* MBProgressHUD.bundle */ = {isa = PBXFileReference; lastKnownFileType = "wrapper.plug-in"; path = MBProgressHUD.bundle; sourceTree = "<group>"; };
		1883BD1C1BE87342003D728C /* MBProgressHUD.h */ = {isa = PBXFileReference; fileEncoding = 4; lastKnownFileType = sourcecode.c.h; path = MBProgressHUD.h; sourceTree = "<group>"; };
		1883BD1D1BE87342003D728C /* MBProgressHUD.m */ = {isa = PBXFileReference; fileEncoding = 4; lastKnownFileType = sourcecode.c.objc; path = MBProgressHUD.m; sourceTree = "<group>"; };
		1883BD211BE87482003D728C /* NoiseInfo.h */ = {isa = PBXFileReference; fileEncoding = 4; lastKnownFileType = sourcecode.c.h; path = NoiseInfo.h; sourceTree = "<group>"; };
		1883BD221BE87482003D728C /* NoiseInfo.m */ = {isa = PBXFileReference; fileEncoding = 4; lastKnownFileType = sourcecode.c.objc; path = NoiseInfo.m; sourceTree = "<group>"; };
		1883BD241BE87928003D728C /* MapKit.framework */ = {isa = PBXFileReference; lastKnownFileType = wrapper.framework; name = MapKit.framework; path = System/Library/Frameworks/MapKit.framework; sourceTree = SDKROOT; };
		1883BD261BE9108A003D728C /* MyAnnotation.h */ = {isa = PBXFileReference; fileEncoding = 4; lastKnownFileType = sourcecode.c.h; path = MyAnnotation.h; sourceTree = "<group>"; };
		1883BD271BE9108A003D728C /* MyAnnotation.m */ = {isa = PBXFileReference; fileEncoding = 4; lastKnownFileType = sourcecode.c.objc; path = MyAnnotation.m; sourceTree = "<group>"; };
		18ADB8E51BEDB49C0050322C /* MyAnnotationView.h */ = {isa = PBXFileReference; fileEncoding = 4; lastKnownFileType = sourcecode.c.h; path = MyAnnotationView.h; sourceTree = "<group>"; };
		18ADB8E61BEDB49C0050322C /* MyAnnotationView.m */ = {isa = PBXFileReference; fileEncoding = 4; lastKnownFileType = sourcecode.c.objc; path = MyAnnotationView.m; sourceTree = "<group>"; };
		18ADB8E81BEE92A80050322C /* AudioToolbox.framework */ = {isa = PBXFileReference; lastKnownFileType = wrapper.framework; name = AudioToolbox.framework; path = System/Library/Frameworks/AudioToolbox.framework; sourceTree = SDKROOT; };
		18ADB8EA1BEE92B10050322C /* AVFoundation.framework */ = {isa = PBXFileReference; lastKnownFileType = wrapper.framework; name = AVFoundation.framework; path = System/Library/Frameworks/AVFoundation.framework; sourceTree = SDKROOT; };
		18ADB8EC1BEE92B60050322C /* AVKit.framework */ = {isa = PBXFileReference; lastKnownFileType = wrapper.framework; name = AVKit.framework; path = System/Library/Frameworks/AVKit.framework; sourceTree = SDKROOT; };
		18D8A6DD1BEA9B2F000A8E4F /* RecordViewController.h */ = {isa = PBXFileReference; fileEncoding = 4; lastKnownFileType = sourcecode.c.h; name = RecordViewController.h; path = ../RecordViewController.h; sourceTree = "<group>"; };
		18D8A6DE1BEA9B2F000A8E4F /* RecordViewController.m */ = {isa = PBXFileReference; fileEncoding = 4; lastKnownFileType = sourcecode.c.objc; name = RecordViewController.m; path = ../RecordViewController.m; sourceTree = "<group>"; };
		18D8A6E01BEC8E47000A8E4F /* testNav.h */ = {isa = PBXFileReference; fileEncoding = 4; lastKnownFileType = sourcecode.c.h; name = testNav.h; path = ../testNav.h; sourceTree = "<group>"; };
		18D8A6E11BEC8E47000A8E4F /* testNav.m */ = {isa = PBXFileReference; fileEncoding = 4; lastKnownFileType = sourcecode.c.objc; name = testNav.m; path = ../testNav.m; sourceTree = "<group>"; };
/* End PBXFileReference section */

/* Begin PBXFrameworksBuildPhase section */
		1883BCEC1BE86CDF003D728C /* Frameworks */ = {
			isa = PBXFrameworksBuildPhase;
			buildActionMask = 2147483647;
			files = (
				18ADB8ED1BEE92B60050322C /* AVKit.framework in Frameworks */,
				18ADB8EB1BEE92B10050322C /* AVFoundation.framework in Frameworks */,
				18ADB8E91BEE92A80050322C /* AudioToolbox.framework in Frameworks */,
				1883BD251BE87928003D728C /* MapKit.framework in Frameworks */,
			);
			runOnlyForDeploymentPostprocessing = 0;
		};
		1883BD051BE86CDF003D728C /* Frameworks */ = {
			isa = PBXFrameworksBuildPhase;
			buildActionMask = 2147483647;
			files = (
			);
			runOnlyForDeploymentPostprocessing = 0;
		};
/* End PBXFrameworksBuildPhase section */

/* Begin PBXGroup section */
		1883BCE61BE86CDF003D728C = {
			isa = PBXGroup;
			children = (
				18ADB8EC1BEE92B60050322C /* AVKit.framework */,
				18ADB8EA1BEE92B10050322C /* AVFoundation.framework */,
				18ADB8E81BEE92A80050322C /* AudioToolbox.framework */,
				1883BD241BE87928003D728C /* MapKit.framework */,
				1883BCF11BE86CDF003D728C /* NoiseInfo */,
				1883BD0B1BE86CDF003D728C /* NoiseInfoTests */,
				1883BCF01BE86CDF003D728C /* Products */,
			);
			sourceTree = "<group>";
		};
		1883BCF01BE86CDF003D728C /* Products */ = {
			isa = PBXGroup;
			children = (
				1883BCEF1BE86CDF003D728C /* NoiseInfo.app */,
				1883BD081BE86CDF003D728C /* NoiseInfoTests.xctest */,
			);
			name = Products;
			sourceTree = "<group>";
		};
		1883BCF11BE86CDF003D728C /* NoiseInfo */ = {
			isa = PBXGroup;
			children = (
				180B46DD1BFA8902002F3BE4 /* RegisterViewController.h */,
				180B46DE1BFA8902002F3BE4 /* RegisterViewController.m */,
				180B46D71BFA5395002F3BE4 /* loginViewController.h */,
				180B46D81BFA5395002F3BE4 /* loginViewController.m */,
				18D8A6E01BEC8E47000A8E4F /* testNav.h */,
				18D8A6E11BEC8E47000A8E4F /* testNav.m */,
				1883BD181BE87342003D728C /* MBProgessHUD */,
				1883BCF61BE86CDF003D728C /* AppDelegate.h */,
				1883BCF71BE86CDF003D728C /* AppDelegate.m */,
				1883BCF91BE86CDF003D728C /* ViewController.h */,
				18D8A6DD1BEA9B2F000A8E4F /* RecordViewController.h */,
				18D8A6DE1BEA9B2F000A8E4F /* RecordViewController.m */,
				1883BCFA1BE86CDF003D728C /* ViewController.m */,
				1883BCFC1BE86CDF003D728C /* Main.storyboard */,
				1883BCFF1BE86CDF003D728C /* Images.xcassets */,
				1883BD011BE86CDF003D728C /* LaunchScreen.xib */,
				1883BCF21BE86CDF003D728C /* Supporting Files */,
				1883BD211BE87482003D728C /* NoiseInfo.h */,
				1883BD221BE87482003D728C /* NoiseInfo.m */,
				1883BD261BE9108A003D728C /* MyAnnotation.h */,
				1883BD271BE9108A003D728C /* MyAnnotation.m */,
				18ADB8E51BEDB49C0050322C /* MyAnnotationView.h */,
				18ADB8E61BEDB49C0050322C /* MyAnnotationView.m */,
			);
			path = NoiseInfo;
			sourceTree = "<group>";
		};
		1883BCF21BE86CDF003D728C /* Supporting Files */ = {
			isa = PBXGroup;
			children = (
				1883BCF31BE86CDF003D728C /* Info.plist */,
				1883BCF41BE86CDF003D728C /* main.m */,
			);
			name = "Supporting Files";
			sourceTree = "<group>";
		};
		1883BD0B1BE86CDF003D728C /* NoiseInfoTests */ = {
			isa = PBXGroup;
			children = (
				1883BD0E1BE86CE0003D728C /* NoiseInfoTests.m */,
				1883BD0C1BE86CE0003D728C /* Supporting Files */,
			);
			path = NoiseInfoTests;
			sourceTree = "<group>";
		};
		1883BD0C1BE86CE0003D728C /* Supporting Files */ = {
			isa = PBXGroup;
			children = (
				1883BD0D1BE86CE0003D728C /* Info.plist */,
			);
			name = "Supporting Files";
			sourceTree = "<group>";
		};
		1883BD181BE87342003D728C /* MBProgessHUD */ = {
			isa = PBXGroup;
			children = (
				1883BD191BE87342003D728C /* MBProgressHUD+HM.h */,
				1883BD1A1BE87342003D728C /* MBProgressHUD+HM.m */,
				1883BD1B1BE87342003D728C /* MBProgressHUD.bundle */,
				1883BD1C1BE87342003D728C /* MBProgressHUD.h */,
				1883BD1D1BE87342003D728C /* MBProgressHUD.m */,
			);
			path = MBProgessHUD;
			sourceTree = "<group>";
		};
/* End PBXGroup section */

/* Begin PBXNativeTarget section */
		1883BCEE1BE86CDF003D728C /* NoiseInfo */ = {
			isa = PBXNativeTarget;
			buildConfigurationList = 1883BD121BE86CE0003D728C /* Build configuration list for PBXNativeTarget "NoiseInfo" */;
			buildPhases = (
				1883BCEB1BE86CDF003D728C /* Sources */,
				1883BCEC1BE86CDF003D728C /* Frameworks */,
				1883BCED1BE86CDF003D728C /* Resources */,
			);
			buildRules = (
			);
			dependencies = (
			);
			name = NoiseInfo;
			productName = NoiseInfo;
			productReference = 1883BCEF1BE86CDF003D728C /* NoiseInfo.app */;
			productType = "com.apple.product-type.application";
		};
		1883BD071BE86CDF003D728C /* NoiseInfoTests */ = {
			isa = PBXNativeTarget;
			buildConfigurationList = 1883BD151BE86CE0003D728C /* Build configuration list for PBXNativeTarget "NoiseInfoTests" */;
			buildPhases = (
				1883BD041BE86CDF003D728C /* Sources */,
				1883BD051BE86CDF003D728C /* Frameworks */,
				1883BD061BE86CDF003D728C /* Resources */,
			);
			buildRules = (
			);
			dependencies = (
				1883BD0A1BE86CDF003D728C /* PBXTargetDependency */,
			);
			name = NoiseInfoTests;
			productName = NoiseInfoTests;
			productReference = 1883BD081BE86CDF003D728C /* NoiseInfoTests.xctest */;
			productType = "com.apple.product-type.bundle.unit-test";
		};
/* End PBXNativeTarget section */

/* Begin PBXProject section */
		1883BCE71BE86CDF003D728C /* Project object */ = {
			isa = PBXProject;
			attributes = {
				LastUpgradeCheck = 0630;
				ORGANIZATIONNAME = apple;
				TargetAttributes = {
					1883BCEE1BE86CDF003D728C = {
						CreatedOnToolsVersion = 6.3.2;
					};
					1883BD071BE86CDF003D728C = {
						CreatedOnToolsVersion = 6.3.2;
						TestTargetID = 1883BCEE1BE86CDF003D728C;
					};
				};
			};
			buildConfigurationList = 1883BCEA1BE86CDF003D728C /* Build configuration list for PBXProject "NoiseInfo" */;
			compatibilityVersion = "Xcode 3.2";
			developmentRegion = English;
			hasScannedForEncodings = 0;
			knownRegions = (
				en,
				Base,
			);
			mainGroup = 1883BCE61BE86CDF003D728C;
			productRefGroup = 1883BCF01BE86CDF003D728C /* Products */;
			projectDirPath = "";
			projectRoot = "";
			targets = (
				1883BCEE1BE86CDF003D728C /* NoiseInfo */,
				1883BD071BE86CDF003D728C /* NoiseInfoTests */,
			);
		};
/* End PBXProject section */

/* Begin PBXResourcesBuildPhase section */
		1883BCED1BE86CDF003D728C /* Resources */ = {
			isa = PBXResourcesBuildPhase;
			buildActionMask = 2147483647;
			files = (
				1883BCFE1BE86CDF003D728C /* Main.storyboard in Resources */,
				1883BD1F1BE87342003D728C /* MBProgressHUD.bundle in Resources */,
				1883BD031BE86CDF003D728C /* LaunchScreen.xib in Resources */,
				1883BD001BE86CDF003D728C /* Images.xcassets in Resources */,
			);
			runOnlyForDeploymentPostprocessing = 0;
		};
		1883BD061BE86CDF003D728C /* Resources */ = {
			isa = PBXResourcesBuildPhase;
			buildActionMask = 2147483647;
			files = (
			);
			runOnlyForDeploymentPostprocessing = 0;
		};
/* End PBXResourcesBuildPhase section */

/* Begin PBXSourcesBuildPhase section */
		1883BCEB1BE86CDF003D728C /* Sources */ = {
			isa = PBXSourcesBuildPhase;
			buildActionMask = 2147483647;
			files = (
				1883BCFB1BE86CDF003D728C /* ViewController.m in Sources */,
				1883BCF81BE86CDF003D728C /* AppDelegate.m in Sources */,
				1883BD201BE87342003D728C /* MBProgressHUD.m in Sources */,
				1883BD1E1BE87342003D728C /* MBProgressHUD+HM.m in Sources */,
				180B46D91BFA5395002F3BE4 /* loginViewController.m in Sources */,
				1883BD281BE9108A003D728C /* MyAnnotation.m in Sources */,
				1883BD231BE87482003D728C /* NoiseInfo.m in Sources */,
				180B46DF1BFA8902002F3BE4 /* RegisterViewController.m in Sources */,
				1883BCF51BE86CDF003D728C /* main.m in Sources */,
				18ADB8E71BEDB49C0050322C /* MyAnnotationView.m in Sources */,
				18D8A6DF1BEA9B2F000A8E4F /* RecordViewController.m in Sources */,
				18D8A6E21BEC8E47000A8E4F /* testNav.m in Sources */,
			);
			runOnlyForDeploymentPostprocessing = 0;
		};
		1883BD041BE86CDF003D728C /* Sources */ = {
			isa = PBXSourcesBuildPhase;
			buildActionMask = 2147483647;
			files = (
				1883BD0F1BE86CE0003D728C /* NoiseInfoTests.m in Sources */,
			);
			runOnlyForDeploymentPostprocessing = 0;
		};
/* End PBXSourcesBuildPhase section */

/* Begin PBXTargetDependency section */
		1883BD0A1BE86CDF003D728C /* PBXTargetDependency */ = {
			isa = PBXTargetDependency;
			target = 1883BCEE1BE86CDF003D728C /* NoiseInfo */;
			targetProxy = 1883BD091BE86CDF003D728C /* PBXContainerItemProxy */;
		};
/* End PBXTargetDependency section */

/* Begin PBXVariantGroup section */
		1883BCFC1BE86CDF003D728C /* Main.storyboard */ = {
			isa = PBXVariantGroup;
			children = (
				1883BCFD1BE86CDF003D728C /* Base */,
			);
			name = Main.storyboard;
			sourceTree = "<group>";
		};
		1883BD011BE86CDF003D728C /* LaunchScreen.xib */ = {
			isa = PBXVariantGroup;
			children = (
				1883BD021BE86CDF003D728C /* Base */,
			);
			name = LaunchScreen.xib;
			sourceTree = "<group>";
		};
/* End PBXVariantGroup section */

/* Begin XCBuildConfiguration section */
		1883BD101BE86CE0003D728C /* Debug */ = {
			isa = XCBuildConfiguration;
			buildSettings = {
				ALWAYS_SEARCH_USER_PATHS = NO;
				CLANG_CXX_LANGUAGE_STANDARD = "gnu++0x";
				CLANG_CXX_LIBRARY = "libc++";
				CLANG_ENABLE_MODULES = YES;
				CLANG_ENABLE_OBJC_ARC = YES;
				CLANG_WARN_BOOL_CONVERSION = YES;
				CLANG_WARN_CONSTANT_CONVERSION = YES;
				CLANG_WARN_DIRECT_OBJC_ISA_USAGE = YES_ERROR;
				CLANG_WARN_EMPTY_BODY = YES;
				CLANG_WARN_ENUM_CONVERSION = YES;
				CLANG_WARN_INT_CONVERSION = YES;
				CLANG_WARN_OBJC_ROOT_CLASS = YES_ERROR;
				CLANG_WARN_UNREACHABLE_CODE = YES;
				CLANG_WARN__DUPLICATE_METHOD_MATCH = YES;
				"CODE_SIGN_IDENTITY[sdk=iphoneos*]" = "iPhone Developer";
				COPY_PHASE_STRIP = NO;
				DEBUG_INFORMATION_FORMAT = "dwarf-with-dsym";
				ENABLE_STRICT_OBJC_MSGSEND = YES;
				GCC_C_LANGUAGE_STANDARD = gnu99;
				GCC_DYNAMIC_NO_PIC = NO;
				GCC_NO_COMMON_BLOCKS = YES;
				GCC_OPTIMIZATION_LEVEL = 0;
				GCC_PREPROCESSOR_DEFINITIONS = (
					"DEBUG=1",
					"$(inherited)",
				);
				GCC_SYMBOLS_PRIVATE_EXTERN = NO;
				GCC_WARN_64_TO_32_BIT_CONVERSION = YES;
				GCC_WARN_ABOUT_RETURN_TYPE = YES_ERROR;
				GCC_WARN_UNDECLARED_SELECTOR = YES;
				GCC_WARN_UNINITIALIZED_AUTOS = YES_AGGRESSIVE;
				GCC_WARN_UNUSED_FUNCTION = YES;
				GCC_WARN_UNUSED_VARIABLE = YES;
				IPHONEOS_DEPLOYMENT_TARGET = 8.3;
				MTL_ENABLE_DEBUG_INFO = YES;
				ONLY_ACTIVE_ARCH = YES;
				SDKROOT = iphoneos;
			};
			name = Debug;
		};
		1883BD111BE86CE0003D728C /* Release */ = {
			isa = XCBuildConfiguration;
			buildSettings = {
				ALWAYS_SEARCH_USER_PATHS = NO;
				CLANG_CXX_LANGUAGE_STANDARD = "gnu++0x";
				CLANG_CXX_LIBRARY = "libc++";
				CLANG_ENABLE_MODULES = YES;
				CLANG_ENABLE_OBJC_ARC = YES;
				CLANG_WARN_BOOL_CONVERSION = YES;
				CLANG_WARN_CONSTANT_CONVERSION = YES;
				CLANG_WARN_DIRECT_OBJC_ISA_USAGE = YES_ERROR;
				CLANG_WARN_EMPTY_BODY = YES;
				CLANG_WARN_ENUM_CONVERSION = YES;
				CLANG_WARN_INT_CONVERSION = YES;
				CLANG_WARN_OBJC_ROOT_CLASS = YES_ERROR;
				CLANG_WARN_UNREACHABLE_CODE = YES;
				CLANG_WARN__DUPLICATE_METHOD_MATCH = YES;
				"CODE_SIGN_IDENTITY[sdk=iphoneos*]" = "iPhone Developer";
				COPY_PHASE_STRIP = NO;
				DEBUG_INFORMATION_FORMAT = "dwarf-with-dsym";
				ENABLE_NS_ASSERTIONS = NO;
				ENABLE_STRICT_OBJC_MSGSEND = YES;
				GCC_C_LANGUAGE_STANDARD = gnu99;
				GCC_NO_COMMON_BLOCKS = YES;
				GCC_WARN_64_TO_32_BIT_CONVERSION = YES;
				GCC_WARN_ABOUT_RETURN_TYPE = YES_ERROR;
				GCC_WARN_UNDECLARED_SELECTOR = YES;
				GCC_WARN_UNINITIALIZED_AUTOS = YES_AGGRESSIVE;
				GCC_WARN_UNUSED_FUNCTION = YES;
				GCC_WARN_UNUSED_VARIABLE = YES;
				IPHONEOS_DEPLOYMENT_TARGET = 8.3;
				MTL_ENABLE_DEBUG_INFO = NO;
				SDKROOT = iphoneos;
				VALIDATE_PRODUCT = YES;
			};
			name = Release;
		};
		1883BD131BE86CE0003D728C /* Debug */ = {
			isa = XCBuildConfiguration;
			buildSettings = {
				ASSETCATALOG_COMPILER_APPICON_NAME = AppIcon;
				INFOPLIST_FILE = NoiseInfo/Info.plist;
				LD_RUNPATH_SEARCH_PATHS = "$(inherited) @executable_path/Frameworks";
				PRODUCT_NAME = "$(TARGET_NAME)";
			};
			name = Debug;
		};
		1883BD141BE86CE0003D728C /* Release */ = {
			isa = XCBuildConfiguration;
			buildSettings = {
				ASSETCATALOG_COMPILER_APPICON_NAME = AppIcon;
				INFOPLIST_FILE = NoiseInfo/Info.plist;
				LD_RUNPATH_SEARCH_PATHS = "$(inherited) @executable_path/Frameworks";
				PRODUCT_NAME = "$(TARGET_NAME)";
			};
			name = Release;
		};
		1883BD161BE86CE0003D728C /* Debug */ = {
			isa = XCBuildConfiguration;
			buildSettings = {
				BUNDLE_LOADER = "$(TEST_HOST)";
				FRAMEWORK_SEARCH_PATHS = (
					"$(SDKROOT)/Developer/Library/Frameworks",
					"$(inherited)",
				);
				GCC_PREPROCESSOR_DEFINITIONS = (
					"DEBUG=1",
					"$(inherited)",
				);
				INFOPLIST_FILE = NoiseInfoTests/Info.plist;
				LD_RUNPATH_SEARCH_PATHS = "$(inherited) @executable_path/Frameworks @loader_path/Frameworks";
				PRODUCT_NAME = "$(TARGET_NAME)";
				TEST_HOST = "$(BUILT_PRODUCTS_DIR)/NoiseInfo.app/NoiseInfo";
			};
			name = Debug;
		};
		1883BD171BE86CE0003D728C /* Release */ = {
			isa = XCBuildConfiguration;
			buildSettings = {
				BUNDLE_LOADER = "$(TEST_HOST)";
				FRAMEWORK_SEARCH_PATHS = (
					"$(SDKROOT)/Developer/Library/Frameworks",
					"$(inherited)",
				);
				INFOPLIST_FILE = NoiseInfoTests/Info.plist;
				LD_RUNPATH_SEARCH_PATHS = "$(inherited) @executable_path/Frameworks @loader_path/Frameworks";
				PRODUCT_NAME = "$(TARGET_NAME)";
				TEST_HOST = "$(BUILT_PRODUCTS_DIR)/NoiseInfo.app/NoiseInfo";
			};
			name = Release;
		};
/* End XCBuildConfiguration section */

/* Begin XCConfigurationList section */
		1883BCEA1BE86CDF003D728C /* Build configuration list for PBXProject "NoiseInfo" */ = {
			isa = XCConfigurationList;
			buildConfigurations = (
				1883BD101BE86CE0003D728C /* Debug */,
				1883BD111BE86CE0003D728C /* Release */,
			);
			defaultConfigurationIsVisible = 0;
			defaultConfigurationName = Release;
		};
		1883BD121BE86CE0003D728C /* Build configuration list for PBXNativeTarget "NoiseInfo" */ = {
			isa = XCConfigurationList;
			buildConfigurations = (
				1883BD131BE86CE0003D728C /* Debug */,
				1883BD141BE86CE0003D728C /* Release */,
			);
			defaultConfigurationIsVisible = 0;
			defaultConfigurationName = Release;
		};
		1883BD151BE86CE0003D728C /* Build configuration list for PBXNativeTarget "NoiseInfoTests" */ = {
			isa = XCConfigurationList;
			buildConfigurations = (
				1883BD161BE86CE0003D728C /* Debug */,
				1883BD171BE86CE0003D728C /* Release */,
			);
			defaultConfigurationIsVisible = 0;
			defaultConfigurationName = Release;
		};
/* End XCConfigurationList section */
	};
	rootObject = 1883BCE71BE86CDF003D728C /* Project object */;
}
